{
  "version": "5",
  "workspace": {
    "packageJson": {
      "dependencies": [
        "npm:@sveltejs/adapter-auto@7",
        "npm:@sveltejs/kit@^2.49.1",
        "npm:@sveltejs/vite-plugin-svelte@^6.2.1",
        "npm:@tailwindcss/forms@0.5.10",
        "npm:@tailwindcss/vite@4.1.16",
        "npm:svelte@^5.45.6",
        "npm:tailwindcss@4.1.16",
        "npm:vite@^7.2.6"
      ]
    }
  }
}
